
Microsoft Visual Studio Solution File, Format Version 12.00
# Visual Studio Version 16
VisualStudioVersion = 16.0.32929.386
MinimumVisualStudioVersion = 10.0.40219.1
Project("{FAE04EC0-301F-11D3-BF4B-00C04F79EFBC}") = "WpfLSystems", "WpfLSystems\WpfLSystems.csproj", "{FC6A1F76-D1E2-4874-A9B4-74CCEF3B1AA4}"
EndProject
Global
	GlobalSection(SolutionConfigurationPlatforms) = preSolution
		Debug|Any CPU = Debug|Any CPU
		Release|Any CPU = Release|Any CPU
	EndGlobalSection
	GlobalSection(ProjectConfigurationPlatforms) = postSolution
		{FC6A1F76-D1E2-4874-A9B4-74CCEF3B1AA4}.Debug|Any CPU.ActiveCfg = Debug|Any CPU
		{FC6A1F76-D1E2-4874-A9B4-74CCEF3B1AA4}.Debug|Any CPU.Build.0 = Debug|Any CPU
		{FC6A1F76-D1E2-4874-A9B4-74CCEF3B1AA4}.Release|Any CPU.ActiveCfg = Release|Any CPU
		{FC6A1F76-D1E2-4874-A9B4-74CCEF3B1AA4}.Release|Any CPU.Build.0 = Release|Any CPU
	EndGlobalSection
	GlobalSection(SolutionProperties) = preSolution
		HideSolutionNode = FALSE
	EndGlobalSection
	GlobalSection(ExtensibilityGlobals) = postSolution
		SolutionGuid = {E391616A-20C0-4EC5-8FEA-D59789F7CD2F}
	EndGlobalSection
EndGlobal
